
Microsoft Visual Studio Solution File, Format Version 12.00
# Visual Studio 15
VisualStudioVersion = 15.0.27428.2037
MinimumVisualStudioVersion = 10.0.40219.1
Project("{FAE04EC0-301F-11D3-BF4B-00C04F79EFBC}") = "CalculatorApp", "CalculatorApp\CalculatorApp.csproj", "{341C83BA-05A6-46F1-B659-7D99EC41A0EB}"
EndProject
Project("{FAE04EC0-301F-11D3-BF4B-00C04F79EFBC}") = "CalculatorAppTests", "CalculatorAppTests\CalculatorAppTests.csproj", "{A4F80FEE-E11F-4315-BF46-F8BFEF53E0A0}"
EndProject
Global
	GlobalSection(SolutionConfigurationPlatforms) = preSolution
		Debug|Any CPU = Debug|Any CPU
		Release|Any CPU = Release|Any CPU
	EndGlobalSection
	GlobalSection(ProjectConfigurationPlatforms) = postSolution
		{341C83BA-05A6-46F1-B659-7D99EC41A0EB}.Debug|Any CPU.ActiveCfg = Debug|Any CPU
		{341C83BA-05A6-46F1-B659-7D99EC41A0EB}.Debug|Any CPU.Build.0 = Debug|Any CPU
		{341C83BA-05A6-46F1-B659-7D99EC41A0EB}.Release|Any CPU.ActiveCfg = Release|Any CPU
		{341C83BA-05A6-46F1-B659-7D99EC41A0EB}.Release|Any CPU.Build.0 = Release|Any CPU
		{A4F80FEE-E11F-4315-BF46-F8BFEF53E0A0}.Debug|Any CPU.ActiveCfg = Debug|Any CPU
		{A4F80FEE-E11F-4315-BF46-F8BFEF53E0A0}.Debug|Any CPU.Build.0 = Debug|Any CPU
		{A4F80FEE-E11F-4315-BF46-F8BFEF53E0A0}.Release|Any CPU.ActiveCfg = Release|Any CPU
		{A4F80FEE-E11F-4315-BF46-F8BFEF53E0A0}.Release|Any CPU.Build.0 = Release|Any CPU
	EndGlobalSection
	GlobalSection(SolutionProperties) = preSolution
		HideSolutionNode = FALSE
	EndGlobalSection
	GlobalSection(ExtensibilityGlobals) = postSolution
		SolutionGuid = {C7AB4EF8-749E-4704-9182-A083E7682CCB}
	EndGlobalSection
EndGlobal
